
Microsoft Visual Studio Solution File, Format Version 12.00
# Visual Studio Version 16
VisualStudioVersion = 16.0.29926.136
MinimumVisualStudioVersion = 10.0.40219.1
Project("{8BC9CEB8-8B4A-11D0-8D11-00A0C91BC942}") = "mh2Patch", "mh2Patch.vcxproj", "{325F3DD5-8A20-48B9-A4AA-B217D8A38532}"
EndProject
Global
	GlobalSection(SolutionConfigurationPlatforms) = preSolution
		Debug|x64 = Debug|x64
		Debug|x86 = Debug|x86
		Release|x64 = Release|x64
		Release|x86 = Release|x86
	EndGlobalSection
	GlobalSection(ProjectConfigurationPlatforms) = postSolution
		{325F3DD5-8A20-48B9-A4AA-B217D8A38532}.Debug|x64.ActiveCfg = Debug|x64
		{325F3DD5-8A20-48B9-A4AA-B217D8A38532}.Debug|x64.Build.0 = Debug|x64
		{325F3DD5-8A20-48B9-A4AA-B217D8A38532}.Debug|x86.ActiveCfg = Debug|Win32
		{325F3DD5-8A20-48B9-A4AA-B217D8A38532}.Debug|x86.Build.0 = Debug|Win32
		{325F3DD5-8A20-48B9-A4AA-B217D8A38532}.Release|x64.ActiveCfg = Release|x64
		{325F3DD5-8A20-48B9-A4AA-B217D8A38532}.Release|x64.Build.0 = Release|x64
		{325F3DD5-8A20-48B9-A4AA-B217D8A38532}.Release|x86.ActiveCfg = Release|Win32
		{325F3DD5-8A20-48B9-A4AA-B217D8A38532}.Release|x86.Build.0 = Release|Win32
	EndGlobalSection
	GlobalSection(SolutionProperties) = preSolution
		HideSolutionNode = FALSE
	EndGlobalSection
	GlobalSection(ExtensibilityGlobals) = postSolution
		SolutionGuid = {C4EDC240-637E-420C-A80D-80562A52C61B}
	EndGlobalSection
EndGlobal
